// !$*UTF8*$!
{
	archiveVersion = 1;
	classes = {
	};
	objectVersion = 46;
	objects = {

/* Begin PBXBuildFile section */
		256FC02E1995418D0077A87E /* AppDelegate.swift in Sources */ = {isa = PBXBuildFile; fileRef = 256FC02D1995418D0077A87E /* AppDelegate.swift */; };
		256FC0301995418D0077A87E /* MasterViewController.swift in Sources */ = {isa = PBXBuildFile; fileRef = 256FC02F1995418D0077A87E /* MasterViewController.swift */; };
		256FC0321995418D0077A87E /* DetailViewController.swift in Sources */ = {isa = PBXBuildFile; fileRef = 256FC0311995418D0077A87E /* DetailViewController.swift */; };
		256FC0351995418D0077A87E /* Main.storyboard in Resources */ = {isa = PBXBuildFile; fileRef = 256FC0331995418D0077A87E /* Main.storyboard */; };
		256FC0371995418D0077A87E /* Images.xcassets in Resources */ = {isa = PBXBuildFile; fileRef = 256FC0361995418D0077A87E /* Images.xcassets */; };
		256FC0431995418D0077A87E /* SwiftDemoTests.swift in Sources */ = {isa = PBXBuildFile; fileRef = 256FC0421995418D0077A87E /* SwiftDemoTests.swift */; };
		256FC04E199542460077A87E /* RSSParserDelegate.swift in Sources */ = {isa = PBXBuildFile; fileRef = 256FC04D199542460077A87E /* RSSParserDelegate.swift */; };
/* End PBXBuildFile section */

/* Begin PBXContainerItemProxy section */
		256FC03D1995418D0077A87E /* PBXContainerItemProxy */ = {
			isa = PBXContainerItemProxy;
			containerPortal = 256FC0201995418D0077A87E /* Project object */;
			proxyType = 1;
			remoteGlobalIDString = 256FC0271995418D0077A87E;
			remoteInfo = SwiftDemo;
		};
/* End PBXContainerItemProxy section */

/* Begin PBXFileReference section */
		256FC0281995418D0077A87E /* SwiftDemo.app */ = {isa = PBXFileReference; explicitFileType = wrapper.application; includeInIndex = 0; path = SwiftDemo.app; sourceTree = BUILT_PRODUCTS_DIR; };
		256FC02C1995418D0077A87E /* Info.plist */ = {isa = PBXFileReference; lastKnownFileType = text.plist.xml; path = Info.plist; sourceTree = "<group>"; };
		256FC02D1995418D0077A87E /* AppDelegate.swift */ = {isa = PBXFileReference; lastKnownFileType = sourcecode.swift; path = AppDelegate.swift; sourceTree = "<group>"; };
		256FC02F1995418D0077A87E /* MasterViewController.swift */ = {isa = PBXFileReference; lastKnownFileType = sourcecode.swift; path = MasterViewController.swift; sourceTree = "<group>"; };
		256FC0311995418D0077A87E /* DetailViewController.swift */ = {isa = PBXFileReference; lastKnownFileType = sourcecode.swift; path = DetailViewController.swift; sourceTree = "<group>"; };
		256FC0341995418D0077A87E /* Base */ = {isa = PBXFileReference; lastKnownFileType = file.storyboard; name = Base; path = Base.lproj/Main.storyboard; sourceTree = "<group>"; };
		256FC0361995418D0077A87E /* Images.xcassets */ = {isa = PBXFileReference; lastKnownFileType = folder.assetcatalog; path = Images.xcassets; sourceTree = "<group>"; };
		256FC03C1995418D0077A87E /* SwiftDemoTests.xctest */ = {isa = PBXFileReference; explicitFileType = wrapper.cfbundle; includeInIndex = 0; path = SwiftDemoTests.xctest; sourceTree = BUILT_PRODUCTS_DIR; };
		256FC0411995418D0077A87E /* Info.plist */ = {isa = PBXFileReference; lastKnownFileType = text.plist.xml; path = Info.plist; sourceTree = "<group>"; };
		256FC0421995418D0077A87E /* SwiftDemoTests.swift */ = {isa = PBXFileReference; lastKnownFileType = sourcecode.swift; path = SwiftDemoTests.swift; sourceTree = "<group>"; };
		256FC04D199542460077A87E /* RSSParserDelegate.swift */ = {isa = PBXFileReference; fileEncoding = 4; lastKnownFileType = sourcecode.swift; path = RSSParserDelegate.swift; sourceTree = "<group>"; };
		2584E6F4199576F0000FB2CA /* MyPlayground.playground */ = {isa = PBXFileReference; lastKnownFileType = file.playground; path = MyPlayground.playground; sourceTree = "<group>"; };
/* End PBXFileReference section */

/* Begin PBXFrameworksBuildPhase section */
		256FC0251995418D0077A87E /* Frameworks */ = {
			isa = PBXFrameworksBuildPhase;
			buildActionMask = 2147483647;
			files = (
			);
			runOnlyForDeploymentPostprocessing = 0;
		};
		256FC0391995418D0077A87E /* Frameworks */ = {
			isa = PBXFrameworksBuildPhase;
			buildActionMask = 2147483647;
			files = (
			);
			runOnlyForDeploymentPostprocessing = 0;
		};
/* End PBXFrameworksBuildPhase section */

/* Begin PBXGroup section */
		256FC01F1995418D0077A87E = {
			isa = PBXGroup;
			children = (
				256FC02A1995418D0077A87E /* SwiftDemo */,
				256FC03F1995418D0077A87E /* SwiftDemoTests */,
				256FC0291995418D0077A87E /* Products */,
			);
			sourceTree = "<group>";
		};
		256FC0291995418D0077A87E /* Products */ = {
			isa = PBXGroup;
			children = (
				256FC0281995418D0077A87E /* SwiftDemo.app */,
				256FC03C1995418D0077A87E /* SwiftDemoTests.xctest */,
			);
			name = Products;
			sourceTree = "<group>";
		};
		256FC02A1995418D0077A87E /* SwiftDemo */ = {
			isa = PBXGroup;
			children = (
				256FC04C199542290077A87E /* Utilities */,
				256FC02D1995418D0077A87E /* AppDelegate.swift */,
				256FC02F1995418D0077A87E /* MasterViewController.swift */,
				256FC0311995418D0077A87E /* DetailViewController.swift */,
				256FC0331995418D0077A87E /* Main.storyboard */,
				256FC0361995418D0077A87E /* Images.xcassets */,
				256FC02B1995418D0077A87E /* Supporting Files */,
			);
			path = SwiftDemo;
			sourceTree = "<group>";
		};
		256FC02B1995418D0077A87E /* Supporting Files */ = {
			isa = PBXGroup;
			children = (
				256FC02C1995418D0077A87E /* Info.plist */,
			);
			name = "Supporting Files";
			sourceTree = "<group>";
		};
		256FC03F1995418D0077A87E /* SwiftDemoTests */ = {
			isa = PBXGroup;
			children = (
				256FC0421995418D0077A87E /* SwiftDemoTests.swift */,
				256FC0401995418D0077A87E /* Supporting Files */,
			);
			path = SwiftDemoTests;
			sourceTree = "<group>";
		};
		256FC0401995418D0077A87E /* Supporting Files */ = {
			isa = PBXGroup;
			children = (
				256FC0411995418D0077A87E /* Info.plist */,
			);
			name = "Supporting Files";
			sourceTree = "<group>";
		};
		256FC04C199542290077A87E /* Utilities */ = {
			isa = PBXGroup;
			children = (
				256FC04D199542460077A87E /* RSSParserDelegate.swift */,
				2584E6F4199576F0000FB2CA /* MyPlayground.playground */,
			);
			name = Utilities;
			sourceTree = "<group>";
		};
/* End PBXGroup section */

/* Begin PBXNativeTarget section */
		256FC0271995418D0077A87E /* SwiftDemo */ = {
			isa = PBXNativeTarget;
			buildConfigurationList = 256FC0461995418D0077A87E /* Build configuration list for PBXNativeTarget "SwiftDemo" */;
			buildPhases = (
				256FC0241995418D0077A87E /* Sources */,
				256FC0251995418D0077A87E /* Frameworks */,
				256FC0261995418D0077A87E /* Resources */,
			);
			buildRules = (
			);
			dependencies = (
			);
			name = SwiftDemo;
			productName = SwiftDemo;
			productReference = 256FC0281995418D0077A87E /* SwiftDemo.app */;
			productType = "com.apple.product-type.application";
		};
		256FC03B1995418D0077A87E /* SwiftDemoTests */ = {
			isa = PBXNativeTarget;
			buildConfigurationList = 256FC0491995418D0077A87E /* Build configuration list for PBXNativeTarget "SwiftDemoTests" */;
			buildPhases = (
				256FC0381995418D0077A87E /* Sources */,
				256FC0391995418D0077A87E /* Frameworks */,
				256FC03A1995418D0077A87E /* Resources */,
			);
			buildRules = (
			);
			dependencies = (
				256FC03E1995418D0077A87E /* PBXTargetDependency */,
			);
			name = SwiftDemoTests;
			productName = SwiftDemoTests;
			productReference = 256FC03C1995418D0077A87E /* SwiftDemoTests.xctest */;
			productType = "com.apple.product-type.bundle.unit-test";
		};
/* End PBXNativeTarget section */

/* Begin PBXProject section */
		256FC0201995418D0077A87E /* Project object */ = {
			isa = PBXProject;
			attributes = {
				LastUpgradeCheck = 0600;
				ORGANIZATIONNAME = "David Nuon";
				TargetAttributes = {
					256FC0271995418D0077A87E = {
						CreatedOnToolsVersion = 6.0;
					};
					256FC03B1995418D0077A87E = {
						CreatedOnToolsVersion = 6.0;
						TestTargetID = 256FC0271995418D0077A87E;
					};
				};
			};
			buildConfigurationList = 256FC0231995418D0077A87E /* Build configuration list for PBXProject "SwiftDemo" */;
			compatibilityVersion = "Xcode 3.2";
			developmentRegion = English;
			hasScannedForEncodings = 0;
			knownRegions = (
				en,
				Base,
			);
			mainGroup = 256FC01F1995418D0077A87E;
			productRefGroup = 256FC0291995418D0077A87E /* Products */;
			projectDirPath = "";
			projectRoot = "";
			targets = (
				256FC0271995418D0077A87E /* SwiftDemo */,
				256FC03B1995418D0077A87E /* SwiftDemoTests */,
			);
		};
/* End PBXProject section */

/* Begin PBXResourcesBuildPhase section */
		256FC0261995418D0077A87E /* Resources */ = {
			isa = PBXResourcesBuildPhase;
			buildActionMask = 2147483647;
			files = (
				256FC0351995418D0077A87E /* Main.storyboard in Resources */,
				256FC0371995418D0077A87E /* Images.xcassets in Resources */,
			);
			runOnlyForDeploymentPostprocessing = 0;
		};
		256FC03A1995418D0077A87E /* Resources */ = {
			isa = PBXResourcesBuildPhase;
			buildActionMask = 2147483647;
			files = (
			);
			runOnlyForDeploymentPostprocessing = 0;
		};
/* End PBXResourcesBuildPhase section */

/* Begin PBXSourcesBuildPhase section */
		256FC0241995418D0077A87E /* Sources */ = {
			isa = PBXSourcesBuildPhase;
			buildActionMask = 2147483647;
			files = (
				256FC0321995418D0077A87E /* DetailViewController.swift in Sources */,
				256FC0301995418D0077A87E /* MasterViewController.swift in Sources */,
				256FC04E199542460077A87E /* RSSParserDelegate.swift in Sources */,
				256FC02E1995418D0077A87E /* AppDelegate.swift in Sources */,
			);
			runOnlyForDeploymentPostprocessing = 0;
		};
		256FC0381995418D0077A87E /* Sources */ = {
			isa = PBXSourcesBuildPhase;
			buildActionMask = 2147483647;
			files = (
				256FC0431995418D0077A87E /* SwiftDemoTests.swift in Sources */,
			);
			runOnlyForDeploymentPostprocessing = 0;
		};
/* End PBXSourcesBuildPhase section */

/* Begin PBXTargetDependency section */
		256FC03E1995418D0077A87E /* PBXTargetDependency */ = {
			isa = PBXTargetDependency;
			target = 256FC0271995418D0077A87E /* SwiftDemo */;
			targetProxy = 256FC03D1995418D0077A87E /* PBXContainerItemProxy */;
		};
/* End PBXTargetDependency section */

/* Begin PBXVariantGroup section */
		256FC0331995418D0077A87E /* Main.storyboard */ = {
			isa = PBXVariantGroup;
			children = (
				256FC0341995418D0077A87E /* Base */,
			);
			name = Main.storyboard;
			sourceTree = "<group>";
		};
/* End PBXVariantGroup section */

/* Begin XCBuildConfiguration section */
		256FC0441995418D0077A87E /* Debug */ = {
			isa = XCBuildConfiguration;
			buildSettings = {
				ALWAYS_SEARCH_USER_PATHS = NO;
				CLANG_CXX_LANGUAGE_STANDARD = "gnu++0x";
				CLANG_CXX_LIBRARY = "libc++";
				CLANG_ENABLE_MODULES = YES;
				CLANG_ENABLE_OBJC_ARC = YES;
				CLANG_WARN_BOOL_CONVERSION = YES;
				CLANG_WARN_CONSTANT_CONVERSION = YES;
				CLANG_WARN_DIRECT_OBJC_ISA_USAGE = YES_ERROR;
				CLANG_WARN_EMPTY_BODY = YES;
				CLANG_WARN_ENUM_CONVERSION = YES;
				CLANG_WARN_INT_CONVERSION = YES;
				CLANG_WARN_OBJC_ROOT_CLASS = YES_ERROR;
				CLANG_WARN_UNREACHABLE_CODE = YES;
				CLANG_WARN__DUPLICATE_METHOD_MATCH = YES;
				"CODE_SIGN_IDENTITY[sdk=iphoneos*]" = "iPhone Developer";
				COPY_PHASE_STRIP = NO;
				ENABLE_STRICT_OBJC_MSGSEND = YES;
				GCC_C_LANGUAGE_STANDARD = gnu99;
				GCC_DYNAMIC_NO_PIC = NO;
				GCC_OPTIMIZATION_LEVEL = 0;
				GCC_PREPROCESSOR_DEFINITIONS = (
					"DEBUG=1",
					"$(inherited)",
				);
				GCC_SYMBOLS_PRIVATE_EXTERN = NO;
				GCC_WARN_64_TO_32_BIT_CONVERSION = YES;
				GCC_WARN_ABOUT_RETURN_TYPE = YES_ERROR;
				GCC_WARN_UNDECLARED_SELECTOR = YES;
				GCC_WARN_UNINITIALIZED_AUTOS = YES_AGGRESSIVE;
				GCC_WARN_UNUSED_FUNCTION = YES;
				GCC_WARN_UNUSED_VARIABLE = YES;
				IPHONEOS_DEPLOYMENT_TARGET = 8.0;
				MTL_ENABLE_DEBUG_INFO = YES;
				ONLY_ACTIVE_ARCH = YES;
				SDKROOT = iphoneos;
				SWIFT_OPTIMIZATION_LEVEL = "-Onone";
			};
			name = Debug;
		};
		256FC0451995418D0077A87E /* Release */ = {
			isa = XCBuildConfiguration;
			buildSettings = {
				ALWAYS_SEARCH_USER_PATHS = NO;
				CLANG_CXX_LANGUAGE_STANDARD = "gnu++0x";
				CLANG_CXX_LIBRARY = "libc++";
				CLANG_ENABLE_MODULES = YES;
				CLANG_ENABLE_OBJC_ARC = YES;
				CLANG_WARN_BOOL_CONVERSION = YES;
				CLANG_WARN_CONSTANT_CONVERSION = YES;
				CLANG_WARN_DIRECT_OBJC_ISA_USAGE = YES_ERROR;
				CLANG_WARN_EMPTY_BODY = YES;
				CLANG_WARN_ENUM_CONVERSION = YES;
				CLANG_WARN_INT_CONVERSION = YES;
				CLANG_WARN_OBJC_ROOT_CLASS = YES_ERROR;
				CLANG_WARN_UNREACHABLE_CODE = YES;
				CLANG_WARN__DUPLICATE_METHOD_MATCH = YES;
				"CODE_SIGN_IDENTITY[sdk=iphoneos*]" = "iPhone Developer";
				COPY_PHASE_STRIP = YES;
				ENABLE_NS_ASSERTIONS = NO;
				ENABLE_STRICT_OBJC_MSGSEND = YES;
				GCC_C_LANGUAGE_STANDARD = gnu99;
				GCC_WARN_64_TO_32_BIT_CONVERSION = YES;
				GCC_WARN_ABOUT_RETURN_TYPE = YES_ERROR;
				GCC_WARN_UNDECLARED_SELECTOR = YES;
				GCC_WARN_UNINITIALIZED_AUTOS = YES_AGGRESSIVE;
				GCC_WARN_UNUSED_FUNCTION = YES;
				GCC_WARN_UNUSED_VARIABLE = YES;
				IPHONEOS_DEPLOYMENT_TARGET = 8.0;
				MTL_ENABLE_DEBUG_INFO = NO;
				SDKROOT = iphoneos;
				VALIDATE_PRODUCT = YES;
			};
			name = Release;
		};
		256FC0471995418D0077A87E /* Debug */ = {
			isa = XCBuildConfiguration;
			buildSettings = {
				ASSETCATALOG_COMPILER_APPICON_NAME = AppIcon;
				ASSETCATALOG_COMPILER_LAUNCHIMAGE_NAME = LaunchImage;
				INFOPLIST_FILE = SwiftDemo/Info.plist;
				LD_RUNPATH_SEARCH_PATHS = "$(inherited) @executable_path/Frameworks";
				PRODUCT_NAME = "$(TARGET_NAME)";
			};
			name = Debug;
		};
		256FC0481995418D0077A87E /* Release */ = {
			isa = XCBuildConfiguration;
			buildSettings = {
				ASSETCATALOG_COMPILER_APPICON_NAME = AppIcon;
				ASSETCATALOG_COMPILER_LAUNCHIMAGE_NAME = LaunchImage;
				INFOPLIST_FILE = SwiftDemo/Info.plist;
				LD_RUNPATH_SEARCH_PATHS = "$(inherited) @executable_path/Frameworks";
				PRODUCT_NAME = "$(TARGET_NAME)";
			};
			name = Release;
		};
		256FC04A1995418D0077A87E /* Debug */ = {
			isa = XCBuildConfiguration;
			buildSettings = {
				BUNDLE_LOADER = "$(TEST_HOST)";
				FRAMEWORK_SEARCH_PATHS = (
					"$(SDKROOT)/Developer/Library/Frameworks",
					"$(inherited)",
				);
				GCC_PREPROCESSOR_DEFINITIONS = (
					"DEBUG=1",
					"$(inherited)",
				);
				INFOPLIST_FILE = SwiftDemoTests/Info.plist;
				LD_RUNPATH_SEARCH_PATHS = "$(inherited) @executable_path/Frameworks @loader_path/Frameworks";
				PRODUCT_NAME = "$(TARGET_NAME)";
				TEST_HOST = "$(BUILT_PRODUCTS_DIR)/SwiftDemo.app/SwiftDemo";
			};
			name = Debug;
		};
		256FC04B1995418D0077A87E /* Release */ = {
			isa = XCBuildConfiguration;
			buildSettings = {
				BUNDLE_LOADER = "$(TEST_HOST)";
				FRAMEWORK_SEARCH_PATHS = (
					"$(SDKROOT)/Developer/Library/Frameworks",
					"$(inherited)",
				);
				INFOPLIST_FILE = SwiftDemoTests/Info.plist;
				LD_RUNPATH_SEARCH_PATHS = "$(inherited) @executable_path/Frameworks @loader_path/Frameworks";
				PRODUCT_NAME = "$(TARGET_NAME)";
				TEST_HOST = "$(BUILT_PRODUCTS_DIR)/SwiftDemo.app/SwiftDemo";
			};
			name = Release;
		};
/* End XCBuildConfiguration section */

/* Begin XCConfigurationList section */
		256FC0231995418D0077A87E /* Build configuration list for PBXProject "SwiftDemo" */ = {
			isa = XCConfigurationList;
			buildConfigurations = (
				256FC0441995418D0077A87E /* Debug */,
				256FC0451995418D0077A87E /* Release */,
			);
			defaultConfigurationIsVisible = 0;
			defaultConfigurationName = Release;
		};
		256FC0461995418D0077A87E /* Build configuration list for PBXNativeTarget "SwiftDemo" */ = {
			isa = XCConfigurationList;
			buildConfigurations = (
				256FC0471995418D0077A87E /* Debug */,
				256FC0481995418D0077A87E /* Release */,
			);
			defaultConfigurationIsVisible = 0;
			defaultConfigurationName = Release;
		};
		256FC0491995418D0077A87E /* Build configuration list for PBXNativeTarget "SwiftDemoTests" */ = {
			isa = XCConfigurationList;
			buildConfigurations = (
				256FC04A1995418D0077A87E /* Debug */,
				256FC04B1995418D0077A87E /* Release */,
			);
			defaultConfigurationIsVisible = 0;
			defaultConfigurationName = Release;
		};
/* End XCConfigurationList section */
	};
	rootObject = 256FC0201995418D0077A87E /* Project object */;
}
